
Microsoft Visual Studio Solution File, Format Version 12.00
# Visual Studio 15
VisualStudioVersion = 15.0.26228.4
MinimumVisualStudioVersion = 10.0.40219.1
Project("{FAE04EC0-301F-11D3-BF4B-00C04F79EFBC}") = "WebApi", "WebApi\WebApi.csproj", "{3DA13041-72B2-4F52-9BDD-1DC0EFCA5131}"
EndProject
Project("{FAE04EC0-301F-11D3-BF4B-00C04F79EFBC}") = "WebApiConsole", "WebApiConsole\WebApiConsole.csproj", "{4424DE1B-F6B8-4446-A15D-52615E11886B}"
EndProject
Project("{FAE04EC0-301F-11D3-BF4B-00C04F79EFBC}") = "WebApi.Repository", "WebApi.Repository\WebApi.Repository.csproj", "{D1C023E7-BB26-4647-A427-B987AD2ABB9A}"
EndProject
Project("{9A19103F-16F7-4668-BE54-9A1E7A4F7556}") = "WebApi.Core", "WebApi.Core\WebApi.Core.csproj", "{7154302F-240E-443F-A34F-92B4FAEA7D95}"
EndProject
Global
	GlobalSection(SolutionConfigurationPlatforms) = preSolution
		Debug|Any CPU = Debug|Any CPU
		Release|Any CPU = Release|Any CPU
	EndGlobalSection
	GlobalSection(ProjectConfigurationPlatforms) = postSolution
		{3DA13041-72B2-4F52-9BDD-1DC0EFCA5131}.Debug|Any CPU.ActiveCfg = Debug|Any CPU
		{3DA13041-72B2-4F52-9BDD-1DC0EFCA5131}.Debug|Any CPU.Build.0 = Debug|Any CPU
		{3DA13041-72B2-4F52-9BDD-1DC0EFCA5131}.Release|Any CPU.ActiveCfg = Release|Any CPU
		{3DA13041-72B2-4F52-9BDD-1DC0EFCA5131}.Release|Any CPU.Build.0 = Release|Any CPU
		{4424DE1B-F6B8-4446-A15D-52615E11886B}.Debug|Any CPU.ActiveCfg = Debug|Any CPU
		{4424DE1B-F6B8-4446-A15D-52615E11886B}.Debug|Any CPU.Build.0 = Debug|Any CPU
		{4424DE1B-F6B8-4446-A15D-52615E11886B}.Release|Any CPU.ActiveCfg = Release|Any CPU
		{4424DE1B-F6B8-4446-A15D-52615E11886B}.Release|Any CPU.Build.0 = Release|Any CPU
		{D1C023E7-BB26-4647-A427-B987AD2ABB9A}.Debug|Any CPU.ActiveCfg = Debug|Any CPU
		{D1C023E7-BB26-4647-A427-B987AD2ABB9A}.Debug|Any CPU.Build.0 = Debug|Any CPU
		{D1C023E7-BB26-4647-A427-B987AD2ABB9A}.Release|Any CPU.ActiveCfg = Release|Any CPU
		{D1C023E7-BB26-4647-A427-B987AD2ABB9A}.Release|Any CPU.Build.0 = Release|Any CPU
		{7154302F-240E-443F-A34F-92B4FAEA7D95}.Debug|Any CPU.ActiveCfg = Debug|Any CPU
		{7154302F-240E-443F-A34F-92B4FAEA7D95}.Debug|Any CPU.Build.0 = Debug|Any CPU
		{7154302F-240E-443F-A34F-92B4FAEA7D95}.Release|Any CPU.ActiveCfg = Release|Any CPU
		{7154302F-240E-443F-A34F-92B4FAEA7D95}.Release|Any CPU.Build.0 = Release|Any CPU
	EndGlobalSection
	GlobalSection(SolutionProperties) = preSolution
		HideSolutionNode = FALSE
	EndGlobalSection
EndGlobal
